
Microsoft Visual Studio Solution File, Format Version 12.00
# Visual Studio Version 16
VisualStudioVersion = 16.0.28902.138
MinimumVisualStudioVersion = 10.0.40219.1
Project("{9A19103F-16F7-4668-BE54-9A1E7A4F7556}") = "CargaCatalogo", "CargaCatalogo.csproj", "{6AE879B6-D4BE-42EE-B1FE-C5E5DEE5C136}"
EndProject
Global
	GlobalSection(SolutionConfigurationPlatforms) = preSolution
		Debug|Any CPU = Debug|Any CPU
		Release|Any CPU = Release|Any CPU
	EndGlobalSection
	GlobalSection(ProjectConfigurationPlatforms) = postSolution
		{6AE879B6-D4BE-42EE-B1FE-C5E5DEE5C136}.Debug|Any CPU.ActiveCfg = Debug|Any CPU
		{6AE879B6-D4BE-42EE-B1FE-C5E5DEE5C136}.Debug|Any CPU.Build.0 = Debug|Any CPU
		{6AE879B6-D4BE-42EE-B1FE-C5E5DEE5C136}.Release|Any CPU.ActiveCfg = Release|Any CPU
		{6AE879B6-D4BE-42EE-B1FE-C5E5DEE5C136}.Release|Any CPU.Build.0 = Release|Any CPU
	EndGlobalSection
	GlobalSection(SolutionProperties) = preSolution
		HideSolutionNode = FALSE
	EndGlobalSection
	GlobalSection(ExtensibilityGlobals) = postSolution
		SolutionGuid = {DCBCEF1F-62B3-444B-B791-08BBFC6F686F}
	EndGlobalSection
EndGlobal
